// !$*UTF8*$!
{
	archiveVersion = 1;
	classes = {
	};
	objectVersion = 46;
	objects = {

/* Begin PBXBuildFile section */
		BE293DF01EDF3D1E0052C06D /* MECircularMenu.h in Headers */ = {isa = PBXBuildFile; fileRef = BE293DEE1EDF3D1E0052C06D /* MECircularMenu.h */; settings = {ATTRIBUTES = (Public, ); }; };
		BE293DF91EDF3DD20052C06D /* MECircularMenuButtonView.swift in Sources */ = {isa = PBXBuildFile; fileRef = BE293DF81EDF3DD20052C06D /* MECircularMenuButtonView.swift */; };
		BE293DFB1EDF42680052C06D /* MECircularMenuButtonViewAppearance.swift in Sources */ = {isa = PBXBuildFile; fileRef = BE293DFA1EDF42670052C06D /* MECircularMenuButtonViewAppearance.swift */; };
		BE293DFD1EDF43670052C06D /* CircularMenuConstants.swift in Sources */ = {isa = PBXBuildFile; fileRef = BE293DFC1EDF43670052C06D /* CircularMenuConstants.swift */; };
		BE293E291EDF5B450052C06D /* MECircularMenuView.swift in Sources */ = {isa = PBXBuildFile; fileRef = BE293E281EDF5B450052C06D /* MECircularMenuView.swift */; };
		BE293E2C1EDF5B850052C06D /* MECircularMenuDataSource.swift in Sources */ = {isa = PBXBuildFile; fileRef = BE293E2B1EDF5B850052C06D /* MECircularMenuDataSource.swift */; };
		BE293E2E1EDF5B9E0052C06D /* MECircularMenuDelegate.swift in Sources */ = {isa = PBXBuildFile; fileRef = BE293E2D1EDF5B9E0052C06D /* MECircularMenuDelegate.swift */; };
		BE293E301EDF5D710052C06D /* MECircularMenuView+ViewSetup.swift in Sources */ = {isa = PBXBuildFile; fileRef = BE293E2F1EDF5D710052C06D /* MECircularMenuView+ViewSetup.swift */; };
		BE293E331EDF5ED50052C06D /* MECircularMenuExternalCircle.swift in Sources */ = {isa = PBXBuildFile; fileRef = BE293E321EDF5ED50052C06D /* MECircularMenuExternalCircle.swift */; };
		BE293E351EDF5FC50052C06D /* MECircularMenuExternalCircle+ViewSetup.swift in Sources */ = {isa = PBXBuildFile; fileRef = BE293E341EDF5FC50052C06D /* MECircularMenuExternalCircle+ViewSetup.swift */; };
		BE293E371EDF7F020052C06D /* MECircularMenuView+TouchesEvents.swift in Sources */ = {isa = PBXBuildFile; fileRef = BE293E361EDF7F020052C06D /* MECircularMenuView+TouchesEvents.swift */; };
/* End PBXBuildFile section */

/* Begin PBXFileReference section */
		BE293DEB1EDF3D1E0052C06D /* MECircularMenu.framework */ = {isa = PBXFileReference; explicitFileType = wrapper.framework; includeInIndex = 0; path = MECircularMenu.framework; sourceTree = BUILT_PRODUCTS_DIR; };
		BE293DEE1EDF3D1E0052C06D /* MECircularMenu.h */ = {isa = PBXFileReference; lastKnownFileType = sourcecode.c.h; lineEnding = 0; path = MECircularMenu.h; sourceTree = "<group>"; xcLanguageSpecificationIdentifier = xcode.lang.objcpp; };
		BE293DEF1EDF3D1E0052C06D /* Info.plist */ = {isa = PBXFileReference; lastKnownFileType = text.plist.xml; path = Info.plist; sourceTree = "<group>"; };
		BE293DF81EDF3DD20052C06D /* MECircularMenuButtonView.swift */ = {isa = PBXFileReference; fileEncoding = 4; lastKnownFileType = sourcecode.swift; lineEnding = 0; path = MECircularMenuButtonView.swift; sourceTree = "<group>"; xcLanguageSpecificationIdentifier = xcode.lang.swift; };
		BE293DFA1EDF42670052C06D /* MECircularMenuButtonViewAppearance.swift */ = {isa = PBXFileReference; fileEncoding = 4; lastKnownFileType = sourcecode.swift; lineEnding = 0; path = MECircularMenuButtonViewAppearance.swift; sourceTree = "<group>"; xcLanguageSpecificationIdentifier = xcode.lang.swift; };
		BE293DFC1EDF43670052C06D /* CircularMenuConstants.swift */ = {isa = PBXFileReference; fileEncoding = 4; lastKnownFileType = sourcecode.swift; lineEnding = 0; path = CircularMenuConstants.swift; sourceTree = "<group>"; xcLanguageSpecificationIdentifier = xcode.lang.swift; };
		BE293E281EDF5B450052C06D /* MECircularMenuView.swift */ = {isa = PBXFileReference; fileEncoding = 4; lastKnownFileType = sourcecode.swift; lineEnding = 0; path = MECircularMenuView.swift; sourceTree = "<group>"; xcLanguageSpecificationIdentifier = xcode.lang.swift; };
		BE293E2B1EDF5B850052C06D /* MECircularMenuDataSource.swift */ = {isa = PBXFileReference; fileEncoding = 4; lastKnownFileType = sourcecode.swift; lineEnding = 0; path = MECircularMenuDataSource.swift; sourceTree = "<group>"; xcLanguageSpecificationIdentifier = xcode.lang.swift; };
		BE293E2D1EDF5B9E0052C06D /* MECircularMenuDelegate.swift */ = {isa = PBXFileReference; fileEncoding = 4; lastKnownFileType = sourcecode.swift; lineEnding = 0; path = MECircularMenuDelegate.swift; sourceTree = "<group>"; xcLanguageSpecificationIdentifier = xcode.lang.swift; };
		BE293E2F1EDF5D710052C06D /* MECircularMenuView+ViewSetup.swift */ = {isa = PBXFileReference; fileEncoding = 4; lastKnownFileType = sourcecode.swift; lineEnding = 0; path = "MECircularMenuView+ViewSetup.swift"; sourceTree = "<group>"; xcLanguageSpecificationIdentifier = xcode.lang.swift; };
		BE293E321EDF5ED50052C06D /* MECircularMenuExternalCircle.swift */ = {isa = PBXFileReference; fileEncoding = 4; lastKnownFileType = sourcecode.swift; lineEnding = 0; path = MECircularMenuExternalCircle.swift; sourceTree = "<group>"; xcLanguageSpecificationIdentifier = xcode.lang.swift; };
		BE293E341EDF5FC50052C06D /* MECircularMenuExternalCircle+ViewSetup.swift */ = {isa = PBXFileReference; fileEncoding = 4; lastKnownFileType = sourcecode.swift; lineEnding = 0; path = "MECircularMenuExternalCircle+ViewSetup.swift"; sourceTree = "<group>"; xcLanguageSpecificationIdentifier = xcode.lang.swift; };
		BE293E361EDF7F020052C06D /* MECircularMenuView+TouchesEvents.swift */ = {isa = PBXFileReference; fileEncoding = 4; lastKnownFileType = sourcecode.swift; lineEnding = 0; path = "MECircularMenuView+TouchesEvents.swift"; sourceTree = "<group>"; xcLanguageSpecificationIdentifier = xcode.lang.swift; };
/* End PBXFileReference section */

/* Begin PBXFrameworksBuildPhase section */
		BE293DE71EDF3D1E0052C06D /* Frameworks */ = {
			isa = PBXFrameworksBuildPhase;
			buildActionMask = 2147483647;
			files = (
			);
			runOnlyForDeploymentPostprocessing = 0;
		};
/* End PBXFrameworksBuildPhase section */

/* Begin PBXGroup section */
		BE293DE11EDF3D1E0052C06D = {
			isa = PBXGroup;
			children = (
				BE293DED1EDF3D1E0052C06D /* MECircularMenu */,
				BE293DEC1EDF3D1E0052C06D /* Products */,
			);
			sourceTree = "<group>";
		};
		BE293DEC1EDF3D1E0052C06D /* Products */ = {
			isa = PBXGroup;
			children = (
				BE293DEB1EDF3D1E0052C06D /* MECircularMenu.framework */,
			);
			name = Products;
			sourceTree = "<group>";
		};
		BE293DED1EDF3D1E0052C06D /* MECircularMenu */ = {
			isa = PBXGroup;
			children = (
				BE293E2A1EDF5B6B0052C06D /* Protocols */,
				BE293DF61EDF3D900052C06D /* View */,
				BE293DEE1EDF3D1E0052C06D /* MECircularMenu.h */,
				BE293DEF1EDF3D1E0052C06D /* Info.plist */,
				BE293DFC1EDF43670052C06D /* CircularMenuConstants.swift */,
			);
			name = MECircularMenu;
			path = GVCircularMenu;
			sourceTree = "<group>";
		};
		BE293DF61EDF3D900052C06D /* View */ = {
			isa = PBXGroup;
			children = (
				BE293E311EDF5EB30052C06D /* CircularMenuExternalCircle */,
				BE293E271EDF5B180052C06D /* CircularMenu */,
				BE293DF71EDF3DA50052C06D /* CircularMenuButton */,
			);
			name = View;
			sourceTree = "<group>";
		};
		BE293DF71EDF3DA50052C06D /* CircularMenuButton */ = {
			isa = PBXGroup;
			children = (
				BE293DF81EDF3DD20052C06D /* MECircularMenuButtonView.swift */,
				BE293DFA1EDF42670052C06D /* MECircularMenuButtonViewAppearance.swift */,
			);
			name = CircularMenuButton;
			sourceTree = "<group>";
		};
		BE293E271EDF5B180052C06D /* CircularMenu */ = {
			isa = PBXGroup;
			children = (
				BE293E281EDF5B450052C06D /* MECircularMenuView.swift */,
				BE293E2F1EDF5D710052C06D /* MECircularMenuView+ViewSetup.swift */,
				BE293E361EDF7F020052C06D /* MECircularMenuView+TouchesEvents.swift */,
			);
			name = CircularMenu;
			sourceTree = "<group>";
		};
		BE293E2A1EDF5B6B0052C06D /* Protocols */ = {
			isa = PBXGroup;
			children = (
				BE293E2B1EDF5B850052C06D /* MECircularMenuDataSource.swift */,
				BE293E2D1EDF5B9E0052C06D /* MECircularMenuDelegate.swift */,
			);
			name = Protocols;
			sourceTree = "<group>";
		};
		BE293E311EDF5EB30052C06D /* CircularMenuExternalCircle */ = {
			isa = PBXGroup;
			children = (
				BE293E321EDF5ED50052C06D /* MECircularMenuExternalCircle.swift */,
				BE293E341EDF5FC50052C06D /* MECircularMenuExternalCircle+ViewSetup.swift */,
			);
			name = CircularMenuExternalCircle;
			sourceTree = "<group>";
		};
/* End PBXGroup section */

/* Begin PBXHeadersBuildPhase section */
		BE293DE81EDF3D1E0052C06D /* Headers */ = {
			isa = PBXHeadersBuildPhase;
			buildActionMask = 2147483647;
			files = (
				BE293DF01EDF3D1E0052C06D /* MECircularMenu.h in Headers */,
			);
			runOnlyForDeploymentPostprocessing = 0;
		};
/* End PBXHeadersBuildPhase section */

/* Begin PBXNativeTarget section */
		BE293DEA1EDF3D1E0052C06D /* MECircularMenu */ = {
			isa = PBXNativeTarget;
			buildConfigurationList = BE293DF31EDF3D1E0052C06D /* Build configuration list for PBXNativeTarget "MECircularMenu" */;
			buildPhases = (
				BE293DE61EDF3D1E0052C06D /* Sources */,
				BE293DE71EDF3D1E0052C06D /* Frameworks */,
				BE293DE81EDF3D1E0052C06D /* Headers */,
				BE293DE91EDF3D1E0052C06D /* Resources */,
			);
			buildRules = (
			);
			dependencies = (
			);
			name = MECircularMenu;
			productName = GVCircularMenu;
			productReference = BE293DEB1EDF3D1E0052C06D /* MECircularMenu.framework */;
			productType = "com.apple.product-type.framework";
		};
/* End PBXNativeTarget section */

/* Begin PBXProject section */
		BE293DE21EDF3D1E0052C06D /* Project object */ = {
			isa = PBXProject;
			attributes = {
				LastUpgradeCheck = 0830;
				ORGANIZATIONNAME = bepiducb;
				TargetAttributes = {
					BE293DEA1EDF3D1E0052C06D = {
						CreatedOnToolsVersion = 8.3.2;
						DevelopmentTeam = E9XV8HU23K;
						LastSwiftMigration = 0830;
						ProvisioningStyle = Automatic;
					};
				};
			};
			buildConfigurationList = BE293DE51EDF3D1E0052C06D /* Build configuration list for PBXProject "MECircularMenu" */;
			compatibilityVersion = "Xcode 3.2";
			developmentRegion = English;
			hasScannedForEncodings = 0;
			knownRegions = (
				en,
			);
			mainGroup = BE293DE11EDF3D1E0052C06D;
			productRefGroup = BE293DEC1EDF3D1E0052C06D /* Products */;
			projectDirPath = "";
			projectRoot = "";
			targets = (
				BE293DEA1EDF3D1E0052C06D /* MECircularMenu */,
			);
		};
/* End PBXProject section */

/* Begin PBXResourcesBuildPhase section */
		BE293DE91EDF3D1E0052C06D /* Resources */ = {
			isa = PBXResourcesBuildPhase;
			buildActionMask = 2147483647;
			files = (
			);
			runOnlyForDeploymentPostprocessing = 0;
		};
/* End PBXResourcesBuildPhase section */

/* Begin PBXSourcesBuildPhase section */
		BE293DE61EDF3D1E0052C06D /* Sources */ = {
			isa = PBXSourcesBuildPhase;
			buildActionMask = 2147483647;
			files = (
				BE293E2C1EDF5B850052C06D /* MECircularMenuDataSource.swift in Sources */,
				BE293DFD1EDF43670052C06D /* CircularMenuConstants.swift in Sources */,
				BE293E2E1EDF5B9E0052C06D /* MECircularMenuDelegate.swift in Sources */,
				BE293E371EDF7F020052C06D /* MECircularMenuView+TouchesEvents.swift in Sources */,
				BE293DFB1EDF42680052C06D /* MECircularMenuButtonViewAppearance.swift in Sources */,
				BE293E331EDF5ED50052C06D /* MECircularMenuExternalCircle.swift in Sources */,
				BE293E291EDF5B450052C06D /* MECircularMenuView.swift in Sources */,
				BE293E301EDF5D710052C06D /* MECircularMenuView+ViewSetup.swift in Sources */,
				BE293E351EDF5FC50052C06D /* MECircularMenuExternalCircle+ViewSetup.swift in Sources */,
				BE293DF91EDF3DD20052C06D /* MECircularMenuButtonView.swift in Sources */,
			);
			runOnlyForDeploymentPostprocessing = 0;
		};
/* End PBXSourcesBuildPhase section */

/* Begin XCBuildConfiguration section */
		BE293DF11EDF3D1E0052C06D /* Debug */ = {
			isa = XCBuildConfiguration;
			buildSettings = {
				ALWAYS_SEARCH_USER_PATHS = NO;
				CLANG_ANALYZER_NONNULL = YES;
				CLANG_ANALYZER_NUMBER_OBJECT_CONVERSION = YES_AGGRESSIVE;
				CLANG_CXX_LANGUAGE_STANDARD = "gnu++0x";
				CLANG_CXX_LIBRARY = "libc++";
				CLANG_ENABLE_MODULES = YES;
				CLANG_ENABLE_OBJC_ARC = YES;
				CLANG_WARN_BOOL_CONVERSION = YES;
				CLANG_WARN_CONSTANT_CONVERSION = YES;
				CLANG_WARN_DIRECT_OBJC_ISA_USAGE = YES_ERROR;
				CLANG_WARN_DOCUMENTATION_COMMENTS = YES;
				CLANG_WARN_EMPTY_BODY = YES;
				CLANG_WARN_ENUM_CONVERSION = YES;
				CLANG_WARN_INFINITE_RECURSION = YES;
				CLANG_WARN_INT_CONVERSION = YES;
				CLANG_WARN_OBJC_ROOT_CLASS = YES_ERROR;
				CLANG_WARN_SUSPICIOUS_MOVE = YES;
				CLANG_WARN_UNREACHABLE_CODE = YES;
				CLANG_WARN__DUPLICATE_METHOD_MATCH = YES;
				"CODE_SIGN_IDENTITY[sdk=iphoneos*]" = "iPhone Developer";
				COPY_PHASE_STRIP = NO;
				CURRENT_PROJECT_VERSION = 1;
				DEBUG_INFORMATION_FORMAT = dwarf;
				ENABLE_STRICT_OBJC_MSGSEND = YES;
				ENABLE_TESTABILITY = YES;
				GCC_C_LANGUAGE_STANDARD = gnu99;
				GCC_DYNAMIC_NO_PIC = NO;
				GCC_NO_COMMON_BLOCKS = YES;
				GCC_OPTIMIZATION_LEVEL = 0;
				GCC_PREPROCESSOR_DEFINITIONS = (
					"DEBUG=1",
					"$(inherited)",
				);
				GCC_WARN_64_TO_32_BIT_CONVERSION = YES;
				GCC_WARN_ABOUT_RETURN_TYPE = YES_ERROR;
				GCC_WARN_UNDECLARED_SELECTOR = YES;
				GCC_WARN_UNINITIALIZED_AUTOS = YES_AGGRESSIVE;
				GCC_WARN_UNUSED_FUNCTION = YES;
				GCC_WARN_UNUSED_VARIABLE = YES;
				IPHONEOS_DEPLOYMENT_TARGET = 10.3;
				MTL_ENABLE_DEBUG_INFO = YES;
				ONLY_ACTIVE_ARCH = YES;
				SDKROOT = iphoneos;
				SWIFT_ACTIVE_COMPILATION_CONDITIONS = DEBUG;
				SWIFT_OPTIMIZATION_LEVEL = "-Onone";
				TARGETED_DEVICE_FAMILY = "1,2";
				VERSIONING_SYSTEM = "apple-generic";
				VERSION_INFO_PREFIX = "";
			};
			name = Debug;
		};
		BE293DF21EDF3D1E0052C06D /* Release */ = {
			isa = XCBuildConfiguration;
			buildSettings = {
				ALWAYS_SEARCH_USER_PATHS = NO;
				CLANG_ANALYZER_NONNULL = YES;
				CLANG_ANALYZER_NUMBER_OBJECT_CONVERSION = YES_AGGRESSIVE;
				CLANG_CXX_LANGUAGE_STANDARD = "gnu++0x";
				CLANG_CXX_LIBRARY = "libc++";
				CLANG_ENABLE_MODULES = YES;
				CLANG_ENABLE_OBJC_ARC = YES;
				CLANG_WARN_BOOL_CONVERSION = YES;
				CLANG_WARN_CONSTANT_CONVERSION = YES;
				CLANG_WARN_DIRECT_OBJC_ISA_USAGE = YES_ERROR;
				CLANG_WARN_DOCUMENTATION_COMMENTS = YES;
				CLANG_WARN_EMPTY_BODY = YES;
				CLANG_WARN_ENUM_CONVERSION = YES;
				CLANG_WARN_INFINITE_RECURSION = YES;
				CLANG_WARN_INT_CONVERSION = YES;
				CLANG_WARN_OBJC_ROOT_CLASS = YES_ERROR;
				CLANG_WARN_SUSPICIOUS_MOVE = YES;
				CLANG_WARN_UNREACHABLE_CODE = YES;
				CLANG_WARN__DUPLICATE_METHOD_MATCH = YES;
				"CODE_SIGN_IDENTITY[sdk=iphoneos*]" = "iPhone Developer";
				COPY_PHASE_STRIP = NO;
				CURRENT_PROJECT_VERSION = 1;
				DEBUG_INFORMATION_FORMAT = "dwarf-with-dsym";
				ENABLE_NS_ASSERTIONS = NO;
				ENABLE_STRICT_OBJC_MSGSEND = YES;
				GCC_C_LANGUAGE_STANDARD = gnu99;
				GCC_NO_COMMON_BLOCKS = YES;
				GCC_WARN_64_TO_32_BIT_CONVERSION = YES;
				GCC_WARN_ABOUT_RETURN_TYPE = YES_ERROR;
				GCC_WARN_UNDECLARED_SELECTOR = YES;
				GCC_WARN_UNINITIALIZED_AUTOS = YES_AGGRESSIVE;
				GCC_WARN_UNUSED_FUNCTION = YES;
				GCC_WARN_UNUSED_VARIABLE = YES;
				IPHONEOS_DEPLOYMENT_TARGET = 10.3;
				MTL_ENABLE_DEBUG_INFO = NO;
				SDKROOT = iphoneos;
				SWIFT_OPTIMIZATION_LEVEL = "-Owholemodule";
				TARGETED_DEVICE_FAMILY = "1,2";
				VALIDATE_PRODUCT = YES;
				VERSIONING_SYSTEM = "apple-generic";
				VERSION_INFO_PREFIX = "";
			};
			name = Release;
		};
		BE293DF41EDF3D1E0052C06D /* Debug */ = {
			isa = XCBuildConfiguration;
			buildSettings = {
				CLANG_ENABLE_MODULES = YES;
				CODE_SIGN_IDENTITY = "";
				DEFINES_MODULE = YES;
				DEVELOPMENT_TEAM = E9XV8HU23K;
				DYLIB_COMPATIBILITY_VERSION = 1;
				DYLIB_CURRENT_VERSION = 1;
				DYLIB_INSTALL_NAME_BASE = "@rpath";
				INFOPLIST_FILE = GVCircularMenu/Info.plist;
				INSTALL_PATH = "$(LOCAL_LIBRARY_DIR)/Frameworks";
				IPHONEOS_DEPLOYMENT_TARGET = 8.0;
				LD_RUNPATH_SEARCH_PATHS = "$(inherited) @executable_path/Frameworks @loader_path/Frameworks";
				PRODUCT_BUNDLE_IDENTIFIER = br.com.massaentertainment.MECircularMenu;
				PRODUCT_NAME = MECircularMenu;
				SKIP_INSTALL = YES;
				SWIFT_OPTIMIZATION_LEVEL = "-Onone";
				SWIFT_VERSION = 3.0;
			};
			name = Debug;
		};
		BE293DF51EDF3D1E0052C06D /* Release */ = {
			isa = XCBuildConfiguration;
			buildSettings = {
				CLANG_ENABLE_MODULES = YES;
				CODE_SIGN_IDENTITY = "";
				DEFINES_MODULE = YES;
				DEVELOPMENT_TEAM = E9XV8HU23K;
				DYLIB_COMPATIBILITY_VERSION = 1;
				DYLIB_CURRENT_VERSION = 1;
				DYLIB_INSTALL_NAME_BASE = "@rpath";
				INFOPLIST_FILE = GVCircularMenu/Info.plist;
				INSTALL_PATH = "$(LOCAL_LIBRARY_DIR)/Frameworks";
				IPHONEOS_DEPLOYMENT_TARGET = 8.0;
				LD_RUNPATH_SEARCH_PATHS = "$(inherited) @executable_path/Frameworks @loader_path/Frameworks";
				PRODUCT_BUNDLE_IDENTIFIER = br.com.massaentertainment.MECircularMenu;
				PRODUCT_NAME = MECircularMenu;
				SKIP_INSTALL = YES;
				SWIFT_VERSION = 3.0;
			};
			name = Release;
		};
/* End XCBuildConfiguration section */

/* Begin XCConfigurationList section */
		BE293DE51EDF3D1E0052C06D /* Build configuration list for PBXProject "MECircularMenu" */ = {
			isa = XCConfigurationList;
			buildConfigurations = (
				BE293DF11EDF3D1E0052C06D /* Debug */,
				BE293DF21EDF3D1E0052C06D /* Release */,
			);
			defaultConfigurationIsVisible = 0;
			defaultConfigurationName = Release;
		};
		BE293DF31EDF3D1E0052C06D /* Build configuration list for PBXNativeTarget "MECircularMenu" */ = {
			isa = XCConfigurationList;
			buildConfigurations = (
				BE293DF41EDF3D1E0052C06D /* Debug */,
				BE293DF51EDF3D1E0052C06D /* Release */,
			);
			defaultConfigurationIsVisible = 0;
			defaultConfigurationName = Release;
		};
/* End XCConfigurationList section */
	};
	rootObject = BE293DE21EDF3D1E0052C06D /* Project object */;
}
